
Microsoft Visual Studio Solution File, Format Version 12.00
# Visual Studio Version 16
VisualStudioVersion = 16.0.30011.22
MinimumVisualStudioVersion = 10.0.40219.1
Project("{2150E333-8FDC-42A3-9474-1A3956D46DE8}") = "Applications", "Applications", "{F7516353-0C01-4600-92D1-B44464C6C94C}"
EndProject
Project("{2150E333-8FDC-42A3-9474-1A3956D46DE8}") = "Libraries", "Libraries", "{71BFE6FD-0279-4DF5-804A-46A4558715AA}"
EndProject
Project("{FAE04EC0-301F-11D3-BF4B-00C04F79EFBC}") = "LiteCommerece.Admin", "LiteCommerece.Admin\LiteCommerece.Admin.csproj", "{3795A4B1-FA40-4E68-A0B3-7FCC01D28DA1}"
EndProject
Global
	GlobalSection(SolutionConfigurationPlatforms) = preSolution
		Debug|Any CPU = Debug|Any CPU
		Release|Any CPU = Release|Any CPU
	EndGlobalSection
	GlobalSection(ProjectConfigurationPlatforms) = postSolution
		{3795A4B1-FA40-4E68-A0B3-7FCC01D28DA1}.Debug|Any CPU.ActiveCfg = Debug|Any CPU
		{3795A4B1-FA40-4E68-A0B3-7FCC01D28DA1}.Debug|Any CPU.Build.0 = Debug|Any CPU
		{3795A4B1-FA40-4E68-A0B3-7FCC01D28DA1}.Release|Any CPU.ActiveCfg = Release|Any CPU
		{3795A4B1-FA40-4E68-A0B3-7FCC01D28DA1}.Release|Any CPU.Build.0 = Release|Any CPU
	EndGlobalSection
	GlobalSection(SolutionProperties) = preSolution
		HideSolutionNode = FALSE
	EndGlobalSection
	GlobalSection(NestedProjects) = preSolution
		{3795A4B1-FA40-4E68-A0B3-7FCC01D28DA1} = {F7516353-0C01-4600-92D1-B44464C6C94C}
	EndGlobalSection
	GlobalSection(ExtensibilityGlobals) = postSolution
		SolutionGuid = {4847287E-EEC3-4393-A0F5-BC729DF009E9}
	EndGlobalSection
EndGlobal
